
Microsoft Visual Studio Solution File, Format Version 12.00
# Visual Studio Version 17
VisualStudioVersion = 17.2.32630.192
MinimumVisualStudioVersion = 10.0.40219.1
Project("{9A19103F-16F7-4668-BE54-9A1E7A4F7556}") = "CacheAside.Application", "CacheAside.Application\CacheAside.Application.csproj", "{E8A5ADDC-AAEB-4DB6-A25F-BB050369D7D4}"
EndProject
Project("{9A19103F-16F7-4668-BE54-9A1E7A4F7556}") = "CacheAside.Domain", "CachAside.Domain\CacheAside.Domain.csproj", "{C26FC6AE-A2F5-4A58-8BC3-E4D5B840ED0D}"
EndProject
Project("{9A19103F-16F7-4668-BE54-9A1E7A4F7556}") = "CacheAside.Repository", "CacheAside.Repository\CacheAside.Repository.csproj", "{DF702184-70BE-4BA3-B578-8E5822CE52D5}"
EndProject
Project("{9A19103F-16F7-4668-BE54-9A1E7A4F7556}") = "CacheAside.API", "CacheAside.API\CacheAside.API.csproj", "{67226531-1577-44E7-A0B7-9A4C761AD41C}"
EndProject
Project("{2150E333-8FDC-42A3-9474-1A3956D46DE8}") = "Solution Items", "Solution Items", "{0C7E1125-AE7A-45AD-8AC9-D73865B837C6}"
	ProjectSection(SolutionItems) = preProject
		..\docker-compose.yml = ..\docker-compose.yml
		..\README.md = ..\README.md
	EndProjectSection
EndProject
Project("{FAE04EC0-301F-11D3-BF4B-00C04F79EFBC}") = "CacheAside.Tests", "CacheAside.Tests\CacheAside.Tests.csproj", "{D0BCF3F2-34C4-4031-8410-C9B3B9F25794}"
EndProject
Global
	GlobalSection(SolutionConfigurationPlatforms) = preSolution
		Debug|Any CPU = Debug|Any CPU
		Release|Any CPU = Release|Any CPU
	EndGlobalSection
	GlobalSection(ProjectConfigurationPlatforms) = postSolution
		{E8A5ADDC-AAEB-4DB6-A25F-BB050369D7D4}.Debug|Any CPU.ActiveCfg = Debug|Any CPU
		{E8A5ADDC-AAEB-4DB6-A25F-BB050369D7D4}.Debug|Any CPU.Build.0 = Debug|Any CPU
		{E8A5ADDC-AAEB-4DB6-A25F-BB050369D7D4}.Release|Any CPU.ActiveCfg = Release|Any CPU
		{E8A5ADDC-AAEB-4DB6-A25F-BB050369D7D4}.Release|Any CPU.Build.0 = Release|Any CPU
		{C26FC6AE-A2F5-4A58-8BC3-E4D5B840ED0D}.Debug|Any CPU.ActiveCfg = Debug|Any CPU
		{C26FC6AE-A2F5-4A58-8BC3-E4D5B840ED0D}.Debug|Any CPU.Build.0 = Debug|Any CPU
		{C26FC6AE-A2F5-4A58-8BC3-E4D5B840ED0D}.Release|Any CPU.ActiveCfg = Release|Any CPU
		{C26FC6AE-A2F5-4A58-8BC3-E4D5B840ED0D}.Release|Any CPU.Build.0 = Release|Any CPU
		{DF702184-70BE-4BA3-B578-8E5822CE52D5}.Debug|Any CPU.ActiveCfg = Debug|Any CPU
		{DF702184-70BE-4BA3-B578-8E5822CE52D5}.Debug|Any CPU.Build.0 = Debug|Any CPU
		{DF702184-70BE-4BA3-B578-8E5822CE52D5}.Release|Any CPU.ActiveCfg = Release|Any CPU
		{DF702184-70BE-4BA3-B578-8E5822CE52D5}.Release|Any CPU.Build.0 = Release|Any CPU
		{67226531-1577-44E7-A0B7-9A4C761AD41C}.Debug|Any CPU.ActiveCfg = Debug|Any CPU
		{67226531-1577-44E7-A0B7-9A4C761AD41C}.Debug|Any CPU.Build.0 = Debug|Any CPU
		{67226531-1577-44E7-A0B7-9A4C761AD41C}.Release|Any CPU.ActiveCfg = Release|Any CPU
		{67226531-1577-44E7-A0B7-9A4C761AD41C}.Release|Any CPU.Build.0 = Release|Any CPU
		{D0BCF3F2-34C4-4031-8410-C9B3B9F25794}.Debug|Any CPU.ActiveCfg = Debug|Any CPU
		{D0BCF3F2-34C4-4031-8410-C9B3B9F25794}.Debug|Any CPU.Build.0 = Debug|Any CPU
		{D0BCF3F2-34C4-4031-8410-C9B3B9F25794}.Release|Any CPU.ActiveCfg = Release|Any CPU
		{D0BCF3F2-34C4-4031-8410-C9B3B9F25794}.Release|Any CPU.Build.0 = Release|Any CPU
	EndGlobalSection
	GlobalSection(SolutionProperties) = preSolution
		HideSolutionNode = FALSE
	EndGlobalSection
	GlobalSection(ExtensibilityGlobals) = postSolution
		SolutionGuid = {3F06B3C4-AFA0-4DF8-9044-2B7E4515BC6E}
	EndGlobalSection
EndGlobal
